
Microsoft Visual Studio Solution File, Format Version 12.00
# Visual Studio 15
VisualStudioVersion = 15.0.27428.2005
MinimumVisualStudioVersion = 10.0.40219.1
Project("{9A19103F-16F7-4668-BE54-9A1E7A4F7556}") = "ProtoBuf.Data", "src\ProtoBuf.Data\ProtoBuf.Data.csproj", "{4F6074E7-D9B1-491D-841B-53A752EC1625}"
EndProject
Project("{9A19103F-16F7-4668-BE54-9A1E7A4F7556}") = "ProtoBuf.Data.Tests", "src\ProtoBuf.Data.Tests\ProtoBuf.Data.Tests.csproj", "{2DCE2092-F340-4199-B81C-0DCDF017A6C2}"
EndProject
Project("{FAE04EC0-301F-11D3-BF4B-00C04F79EFBC}") = "ProtoBuf.Data.Benchmark", "src\ProtoBuf.Data.Benchmark\ProtoBuf.Data.Benchmark.csproj", "{987D7CDF-E64A-44E6-8BDD-F623AB2A4888}"
EndProject
Global
	GlobalSection(SolutionConfigurationPlatforms) = preSolution
		Debug|Any CPU = Debug|Any CPU
		Release|Any CPU = Release|Any CPU
	EndGlobalSection
	GlobalSection(ProjectConfigurationPlatforms) = postSolution
		{4F6074E7-D9B1-491D-841B-53A752EC1625}.Debug|Any CPU.ActiveCfg = Debug|Any CPU
		{4F6074E7-D9B1-491D-841B-53A752EC1625}.Debug|Any CPU.Build.0 = Debug|Any CPU
		{4F6074E7-D9B1-491D-841B-53A752EC1625}.Release|Any CPU.ActiveCfg = Release|Any CPU
		{4F6074E7-D9B1-491D-841B-53A752EC1625}.Release|Any CPU.Build.0 = Release|Any CPU
		{2DCE2092-F340-4199-B81C-0DCDF017A6C2}.Debug|Any CPU.ActiveCfg = Debug|Any CPU
		{2DCE2092-F340-4199-B81C-0DCDF017A6C2}.Debug|Any CPU.Build.0 = Debug|Any CPU
		{2DCE2092-F340-4199-B81C-0DCDF017A6C2}.Release|Any CPU.ActiveCfg = Release|Any CPU
		{2DCE2092-F340-4199-B81C-0DCDF017A6C2}.Release|Any CPU.Build.0 = Release|Any CPU
		{987D7CDF-E64A-44E6-8BDD-F623AB2A4888}.Debug|Any CPU.ActiveCfg = Debug|Any CPU
		{987D7CDF-E64A-44E6-8BDD-F623AB2A4888}.Debug|Any CPU.Build.0 = Debug|Any CPU
		{987D7CDF-E64A-44E6-8BDD-F623AB2A4888}.Release|Any CPU.ActiveCfg = Release|Any CPU
		{987D7CDF-E64A-44E6-8BDD-F623AB2A4888}.Release|Any CPU.Build.0 = Release|Any CPU
	EndGlobalSection
	GlobalSection(SolutionProperties) = preSolution
		HideSolutionNode = FALSE
	EndGlobalSection
	GlobalSection(ExtensibilityGlobals) = postSolution
		SolutionGuid = {20DD757D-BEBB-4DFC-9F93-BDABCAAC3F29}
	EndGlobalSection
EndGlobal
