
Microsoft Visual Studio Solution File, Format Version 12.00
# Visual Studio 2012
Project("{FAE04EC0-301F-11D3-BF4B-00C04F79EFBC}") = "ProtoBuf.Data.Net20", "src\ProtoBuf.Data.Net20\ProtoBuf.Data.Net20.csproj", "{424CA2AE-6A6C-4CE1-85FE-3D1059F90DC9}"
EndProject
Project("{FAE04EC0-301F-11D3-BF4B-00C04F79EFBC}") = "ProtoBuf.Data.Tests", "src\ProtoBuf.Data.Tests\ProtoBuf.Data.Tests.csproj", "{CDDFE764-6BF8-432A-BC60-D2829E8934CB}"
EndProject
Project("{FAE04EC0-301F-11D3-BF4B-00C04F79EFBC}") = "ProtoBuf.Data.Benchmark", "src\ProtoBuf.Data.Benchmark\ProtoBuf.Data.Benchmark.csproj", "{B8FF8FA1-2590-46FD-8FA8-90E0CDA8A397}"
EndProject
Project("{2150E333-8FDC-42A3-9474-1A3956D46DE8}") = ".nuget", ".nuget", "{6BCB74C6-5840-40BB-AC89-135038524A01}"
	ProjectSection(SolutionItems) = preProject
		.nuget\NuGet.exe = .nuget\NuGet.exe
		.nuget\NuGet.targets = .nuget\NuGet.targets
		.nuget\packages.config = .nuget\packages.config
	EndProjectSection
EndProject
Project("{FAE04EC0-301F-11D3-BF4B-00C04F79EFBC}") = "ProtoBuf.Data.Net30", "src\ProtoBuf.Data.Net30\ProtoBuf.Data.Net30.csproj", "{641A8111-4CD6-4FF3-81DB-87625D7D4423}"
EndProject
Project("{FAE04EC0-301F-11D3-BF4B-00C04F79EFBC}") = "ProtoBuf.Data.Net35", "src\ProtoBuf.Data.Net35\ProtoBuf.Data.Net35.csproj", "{EC52C353-F25A-4845-BA6E-9A6BA73A22BC}"
EndProject
Project("{FAE04EC0-301F-11D3-BF4B-00C04F79EFBC}") = "ProtoBuf.Data.Net40", "src\ProtoBuf.Data.Net40\ProtoBuf.Data.Net40.csproj", "{8AF4B609-09D4-4A18-BF92-5C5CDB13CB1D}"
EndProject
Project("{2150E333-8FDC-42A3-9474-1A3956D46DE8}") = "Solution Items", "Solution Items", "{A9E88F8A-F1E2-4DFB-BC86-A41CF4633DDB}"
	ProjectSection(SolutionItems) = preProject
		build\protobuf-net-data.nuspec = build\protobuf-net-data.nuspec
		build\ProtoBuf.Data.targets = build\ProtoBuf.Data.targets
	EndProjectSection
EndProject
Project("{FAE04EC0-301F-11D3-BF4B-00C04F79EFBC}") = "ProtoBuf.Data.Net45", "src\ProtoBuf.Data.Net45\ProtoBuf.Data.Net45.csproj", "{FB6590F9-13B6-4501-AE30-8AEDCF4C5D7B}"
EndProject
Global
	GlobalSection(SolutionConfigurationPlatforms) = preSolution
		Debug|Any CPU = Debug|Any CPU
		Debug|Mixed Platforms = Debug|Mixed Platforms
		Debug|x86 = Debug|x86
		Release|Any CPU = Release|Any CPU
		Release|Mixed Platforms = Release|Mixed Platforms
		Release|x86 = Release|x86
	EndGlobalSection
	GlobalSection(ProjectConfigurationPlatforms) = postSolution
		{424CA2AE-6A6C-4CE1-85FE-3D1059F90DC9}.Debug|Any CPU.ActiveCfg = Debug|Any CPU
		{424CA2AE-6A6C-4CE1-85FE-3D1059F90DC9}.Debug|Any CPU.Build.0 = Debug|Any CPU
		{424CA2AE-6A6C-4CE1-85FE-3D1059F90DC9}.Debug|Mixed Platforms.ActiveCfg = Debug|Any CPU
		{424CA2AE-6A6C-4CE1-85FE-3D1059F90DC9}.Debug|Mixed Platforms.Build.0 = Debug|Any CPU
		{424CA2AE-6A6C-4CE1-85FE-3D1059F90DC9}.Debug|x86.ActiveCfg = Debug|Any CPU
		{424CA2AE-6A6C-4CE1-85FE-3D1059F90DC9}.Release|Any CPU.ActiveCfg = Release|Any CPU
		{424CA2AE-6A6C-4CE1-85FE-3D1059F90DC9}.Release|Any CPU.Build.0 = Release|Any CPU
		{424CA2AE-6A6C-4CE1-85FE-3D1059F90DC9}.Release|Mixed Platforms.ActiveCfg = Release|Any CPU
		{424CA2AE-6A6C-4CE1-85FE-3D1059F90DC9}.Release|Mixed Platforms.Build.0 = Release|Any CPU
		{424CA2AE-6A6C-4CE1-85FE-3D1059F90DC9}.Release|x86.ActiveCfg = Release|Any CPU
		{CDDFE764-6BF8-432A-BC60-D2829E8934CB}.Debug|Any CPU.ActiveCfg = Debug|Any CPU
		{CDDFE764-6BF8-432A-BC60-D2829E8934CB}.Debug|Any CPU.Build.0 = Debug|Any CPU
		{CDDFE764-6BF8-432A-BC60-D2829E8934CB}.Debug|Mixed Platforms.ActiveCfg = Debug|Any CPU
		{CDDFE764-6BF8-432A-BC60-D2829E8934CB}.Debug|Mixed Platforms.Build.0 = Debug|Any CPU
		{CDDFE764-6BF8-432A-BC60-D2829E8934CB}.Debug|x86.ActiveCfg = Debug|Any CPU
		{CDDFE764-6BF8-432A-BC60-D2829E8934CB}.Release|Any CPU.ActiveCfg = Release|Any CPU
		{CDDFE764-6BF8-432A-BC60-D2829E8934CB}.Release|Any CPU.Build.0 = Release|Any CPU
		{CDDFE764-6BF8-432A-BC60-D2829E8934CB}.Release|Mixed Platforms.ActiveCfg = Release|Any CPU
		{CDDFE764-6BF8-432A-BC60-D2829E8934CB}.Release|Mixed Platforms.Build.0 = Release|Any CPU
		{CDDFE764-6BF8-432A-BC60-D2829E8934CB}.Release|x86.ActiveCfg = Release|Any CPU
		{B8FF8FA1-2590-46FD-8FA8-90E0CDA8A397}.Debug|Any CPU.ActiveCfg = Debug|Any CPU
		{B8FF8FA1-2590-46FD-8FA8-90E0CDA8A397}.Debug|Any CPU.Build.0 = Debug|Any CPU
		{B8FF8FA1-2590-46FD-8FA8-90E0CDA8A397}.Debug|Mixed Platforms.ActiveCfg = Debug|Any CPU
		{B8FF8FA1-2590-46FD-8FA8-90E0CDA8A397}.Debug|Mixed Platforms.Build.0 = Debug|Any CPU
		{B8FF8FA1-2590-46FD-8FA8-90E0CDA8A397}.Debug|x86.ActiveCfg = Debug|x86
		{B8FF8FA1-2590-46FD-8FA8-90E0CDA8A397}.Debug|x86.Build.0 = Debug|x86
		{B8FF8FA1-2590-46FD-8FA8-90E0CDA8A397}.Release|Any CPU.ActiveCfg = Release|Any CPU
		{B8FF8FA1-2590-46FD-8FA8-90E0CDA8A397}.Release|Any CPU.Build.0 = Release|Any CPU
		{B8FF8FA1-2590-46FD-8FA8-90E0CDA8A397}.Release|Mixed Platforms.ActiveCfg = Release|Any CPU
		{B8FF8FA1-2590-46FD-8FA8-90E0CDA8A397}.Release|Mixed Platforms.Build.0 = Release|Any CPU
		{B8FF8FA1-2590-46FD-8FA8-90E0CDA8A397}.Release|x86.ActiveCfg = Release|x86
		{B8FF8FA1-2590-46FD-8FA8-90E0CDA8A397}.Release|x86.Build.0 = Release|x86
		{641A8111-4CD6-4FF3-81DB-87625D7D4423}.Debug|Any CPU.ActiveCfg = Debug|Any CPU
		{641A8111-4CD6-4FF3-81DB-87625D7D4423}.Debug|Any CPU.Build.0 = Debug|Any CPU
		{641A8111-4CD6-4FF3-81DB-87625D7D4423}.Debug|Mixed Platforms.ActiveCfg = Debug|Any CPU
		{641A8111-4CD6-4FF3-81DB-87625D7D4423}.Debug|Mixed Platforms.Build.0 = Debug|Any CPU
		{641A8111-4CD6-4FF3-81DB-87625D7D4423}.Debug|x86.ActiveCfg = Debug|Any CPU
		{641A8111-4CD6-4FF3-81DB-87625D7D4423}.Release|Any CPU.ActiveCfg = Release|Any CPU
		{641A8111-4CD6-4FF3-81DB-87625D7D4423}.Release|Any CPU.Build.0 = Release|Any CPU
		{641A8111-4CD6-4FF3-81DB-87625D7D4423}.Release|Mixed Platforms.ActiveCfg = Release|Any CPU
		{641A8111-4CD6-4FF3-81DB-87625D7D4423}.Release|Mixed Platforms.Build.0 = Release|Any CPU
		{641A8111-4CD6-4FF3-81DB-87625D7D4423}.Release|x86.ActiveCfg = Release|Any CPU
		{EC52C353-F25A-4845-BA6E-9A6BA73A22BC}.Debug|Any CPU.ActiveCfg = Debug|Any CPU
		{EC52C353-F25A-4845-BA6E-9A6BA73A22BC}.Debug|Any CPU.Build.0 = Debug|Any CPU
		{EC52C353-F25A-4845-BA6E-9A6BA73A22BC}.Debug|Mixed Platforms.ActiveCfg = Debug|Any CPU
		{EC52C353-F25A-4845-BA6E-9A6BA73A22BC}.Debug|Mixed Platforms.Build.0 = Debug|Any CPU
		{EC52C353-F25A-4845-BA6E-9A6BA73A22BC}.Debug|x86.ActiveCfg = Debug|Any CPU
		{EC52C353-F25A-4845-BA6E-9A6BA73A22BC}.Release|Any CPU.ActiveCfg = Release|Any CPU
		{EC52C353-F25A-4845-BA6E-9A6BA73A22BC}.Release|Any CPU.Build.0 = Release|Any CPU
		{EC52C353-F25A-4845-BA6E-9A6BA73A22BC}.Release|Mixed Platforms.ActiveCfg = Release|Any CPU
		{EC52C353-F25A-4845-BA6E-9A6BA73A22BC}.Release|Mixed Platforms.Build.0 = Release|Any CPU
		{EC52C353-F25A-4845-BA6E-9A6BA73A22BC}.Release|x86.ActiveCfg = Release|Any CPU
		{8AF4B609-09D4-4A18-BF92-5C5CDB13CB1D}.Debug|Any CPU.ActiveCfg = Debug|Any CPU
		{8AF4B609-09D4-4A18-BF92-5C5CDB13CB1D}.Debug|Any CPU.Build.0 = Debug|Any CPU
		{8AF4B609-09D4-4A18-BF92-5C5CDB13CB1D}.Debug|Mixed Platforms.ActiveCfg = Debug|Any CPU
		{8AF4B609-09D4-4A18-BF92-5C5CDB13CB1D}.Debug|Mixed Platforms.Build.0 = Debug|Any CPU
		{8AF4B609-09D4-4A18-BF92-5C5CDB13CB1D}.Debug|x86.ActiveCfg = Debug|Any CPU
		{8AF4B609-09D4-4A18-BF92-5C5CDB13CB1D}.Release|Any CPU.ActiveCfg = Release|Any CPU
		{8AF4B609-09D4-4A18-BF92-5C5CDB13CB1D}.Release|Any CPU.Build.0 = Release|Any CPU
		{8AF4B609-09D4-4A18-BF92-5C5CDB13CB1D}.Release|Mixed Platforms.ActiveCfg = Release|Any CPU
		{8AF4B609-09D4-4A18-BF92-5C5CDB13CB1D}.Release|Mixed Platforms.Build.0 = Release|Any CPU
		{8AF4B609-09D4-4A18-BF92-5C5CDB13CB1D}.Release|x86.ActiveCfg = Release|Any CPU
		{FB6590F9-13B6-4501-AE30-8AEDCF4C5D7B}.Debug|Any CPU.ActiveCfg = Debug|Any CPU
		{FB6590F9-13B6-4501-AE30-8AEDCF4C5D7B}.Debug|Any CPU.Build.0 = Debug|Any CPU
		{FB6590F9-13B6-4501-AE30-8AEDCF4C5D7B}.Debug|Mixed Platforms.ActiveCfg = Debug|Any CPU
		{FB6590F9-13B6-4501-AE30-8AEDCF4C5D7B}.Debug|Mixed Platforms.Build.0 = Debug|Any CPU
		{FB6590F9-13B6-4501-AE30-8AEDCF4C5D7B}.Debug|x86.ActiveCfg = Debug|Any CPU
		{FB6590F9-13B6-4501-AE30-8AEDCF4C5D7B}.Release|Any CPU.ActiveCfg = Release|Any CPU
		{FB6590F9-13B6-4501-AE30-8AEDCF4C5D7B}.Release|Any CPU.Build.0 = Release|Any CPU
		{FB6590F9-13B6-4501-AE30-8AEDCF4C5D7B}.Release|Mixed Platforms.ActiveCfg = Release|Any CPU
		{FB6590F9-13B6-4501-AE30-8AEDCF4C5D7B}.Release|Mixed Platforms.Build.0 = Release|Any CPU
		{FB6590F9-13B6-4501-AE30-8AEDCF4C5D7B}.Release|x86.ActiveCfg = Release|Any CPU
	EndGlobalSection
	GlobalSection(SolutionProperties) = preSolution
		HideSolutionNode = FALSE
	EndGlobalSection
EndGlobal
