
Microsoft Visual Studio Solution File, Format Version 11.00
# Visual Studio 2010
Project("{FAE04EC0-301F-11D3-BF4B-00C04F79EFBC}") = "ProtoBuf.Data", "src\ProtoBuf.Data\ProtoBuf.Data.csproj", "{424CA2AE-6A6C-4CE1-85FE-3D1059F90DC9}"
EndProject
Project("{FAE04EC0-301F-11D3-BF4B-00C04F79EFBC}") = "ProtoBuf.Data.Tests", "src\ProtoBuf.Data.Tests\ProtoBuf.Data.Tests.csproj", "{CDDFE764-6BF8-432A-BC60-D2829E8934CB}"
EndProject
Project("{FAE04EC0-301F-11D3-BF4B-00C04F79EFBC}") = "ProtoBuf.Data.Benchmark", "src\ProtoBuf.Data.Benchmark\ProtoBuf.Data.Benchmark.csproj", "{B8FF8FA1-2590-46FD-8FA8-90E0CDA8A397}"
EndProject
Global
	GlobalSection(SolutionConfigurationPlatforms) = preSolution
		Debug|Any CPU = Debug|Any CPU
		Debug|Mixed Platforms = Debug|Mixed Platforms
		Debug|x86 = Debug|x86
		Release|Any CPU = Release|Any CPU
		Release|Mixed Platforms = Release|Mixed Platforms
		Release|x86 = Release|x86
	EndGlobalSection
	GlobalSection(ProjectConfigurationPlatforms) = postSolution
		{424CA2AE-6A6C-4CE1-85FE-3D1059F90DC9}.Debug|Any CPU.ActiveCfg = Debug|Any CPU
		{424CA2AE-6A6C-4CE1-85FE-3D1059F90DC9}.Debug|Any CPU.Build.0 = Debug|Any CPU
		{424CA2AE-6A6C-4CE1-85FE-3D1059F90DC9}.Debug|Mixed Platforms.ActiveCfg = Debug|Any CPU
		{424CA2AE-6A6C-4CE1-85FE-3D1059F90DC9}.Debug|Mixed Platforms.Build.0 = Debug|Any CPU
		{424CA2AE-6A6C-4CE1-85FE-3D1059F90DC9}.Debug|x86.ActiveCfg = Debug|Any CPU
		{424CA2AE-6A6C-4CE1-85FE-3D1059F90DC9}.Release|Any CPU.ActiveCfg = Release|Any CPU
		{424CA2AE-6A6C-4CE1-85FE-3D1059F90DC9}.Release|Any CPU.Build.0 = Release|Any CPU
		{424CA2AE-6A6C-4CE1-85FE-3D1059F90DC9}.Release|Mixed Platforms.ActiveCfg = Release|Any CPU
		{424CA2AE-6A6C-4CE1-85FE-3D1059F90DC9}.Release|Mixed Platforms.Build.0 = Release|Any CPU
		{424CA2AE-6A6C-4CE1-85FE-3D1059F90DC9}.Release|x86.ActiveCfg = Release|Any CPU
		{CDDFE764-6BF8-432A-BC60-D2829E8934CB}.Debug|Any CPU.ActiveCfg = Debug|Any CPU
		{CDDFE764-6BF8-432A-BC60-D2829E8934CB}.Debug|Any CPU.Build.0 = Debug|Any CPU
		{CDDFE764-6BF8-432A-BC60-D2829E8934CB}.Debug|Mixed Platforms.ActiveCfg = Debug|Any CPU
		{CDDFE764-6BF8-432A-BC60-D2829E8934CB}.Debug|Mixed Platforms.Build.0 = Debug|Any CPU
		{CDDFE764-6BF8-432A-BC60-D2829E8934CB}.Debug|x86.ActiveCfg = Debug|Any CPU
		{CDDFE764-6BF8-432A-BC60-D2829E8934CB}.Release|Any CPU.ActiveCfg = Release|Any CPU
		{CDDFE764-6BF8-432A-BC60-D2829E8934CB}.Release|Any CPU.Build.0 = Release|Any CPU
		{CDDFE764-6BF8-432A-BC60-D2829E8934CB}.Release|Mixed Platforms.ActiveCfg = Release|Any CPU
		{CDDFE764-6BF8-432A-BC60-D2829E8934CB}.Release|Mixed Platforms.Build.0 = Release|Any CPU
		{CDDFE764-6BF8-432A-BC60-D2829E8934CB}.Release|x86.ActiveCfg = Release|Any CPU
		{B8FF8FA1-2590-46FD-8FA8-90E0CDA8A397}.Debug|Any CPU.ActiveCfg = Debug|x86
		{B8FF8FA1-2590-46FD-8FA8-90E0CDA8A397}.Debug|Mixed Platforms.ActiveCfg = Debug|x86
		{B8FF8FA1-2590-46FD-8FA8-90E0CDA8A397}.Debug|Mixed Platforms.Build.0 = Debug|x86
		{B8FF8FA1-2590-46FD-8FA8-90E0CDA8A397}.Debug|x86.ActiveCfg = Debug|x86
		{B8FF8FA1-2590-46FD-8FA8-90E0CDA8A397}.Debug|x86.Build.0 = Debug|x86
		{B8FF8FA1-2590-46FD-8FA8-90E0CDA8A397}.Release|Any CPU.ActiveCfg = Release|x86
		{B8FF8FA1-2590-46FD-8FA8-90E0CDA8A397}.Release|Mixed Platforms.ActiveCfg = Release|Any CPU
		{B8FF8FA1-2590-46FD-8FA8-90E0CDA8A397}.Release|Mixed Platforms.Build.0 = Release|Any CPU
		{B8FF8FA1-2590-46FD-8FA8-90E0CDA8A397}.Release|x86.ActiveCfg = Release|x86
		{B8FF8FA1-2590-46FD-8FA8-90E0CDA8A397}.Release|x86.Build.0 = Release|x86
	EndGlobalSection
	GlobalSection(SolutionProperties) = preSolution
		HideSolutionNode = FALSE
	EndGlobalSection
EndGlobal
